
Microsoft Visual Studio Solution File, Format Version 12.00
# Visual Studio Version 16
VisualStudioVersion = 16.0.31112.23
MinimumVisualStudioVersion = 10.0.40219.1
Project("{FAE04EC0-301F-11D3-BF4B-00C04F79EFBC}") = "InterfaceAbstractDemo", "InterfaceAbstractDemo.csproj", "{AC359F62-06E6-42B2-98E8-DC6E13D9A5D7}"
EndProject
Global
	GlobalSection(SolutionConfigurationPlatforms) = preSolution
		Debug|Any CPU = Debug|Any CPU
		Release|Any CPU = Release|Any CPU
	EndGlobalSection
	GlobalSection(ProjectConfigurationPlatforms) = postSolution
		{AC359F62-06E6-42B2-98E8-DC6E13D9A5D7}.Debug|Any CPU.ActiveCfg = Debug|Any CPU
		{AC359F62-06E6-42B2-98E8-DC6E13D9A5D7}.Debug|Any CPU.Build.0 = Debug|Any CPU
		{AC359F62-06E6-42B2-98E8-DC6E13D9A5D7}.Release|Any CPU.ActiveCfg = Release|Any CPU
		{AC359F62-06E6-42B2-98E8-DC6E13D9A5D7}.Release|Any CPU.Build.0 = Release|Any CPU
	EndGlobalSection
	GlobalSection(SolutionProperties) = preSolution
		HideSolutionNode = FALSE
	EndGlobalSection
	GlobalSection(ExtensibilityGlobals) = postSolution
		SolutionGuid = {DBE26622-F2FC-48FC-986E-3C174C9CD095}
	EndGlobalSection
EndGlobal
